
Microsoft Visual Studio Solution File, Format Version 12.00
# Visual Studio Version 17
VisualStudioVersion = 17.14.36915.13 d17.14
MinimumVisualStudioVersion = 10.0.40219.1
Project("{FAE04EC0-301F-11D3-BF4B-00C04F79EFBC}") = "WpfTestApp3", "WpfTestApp3\WpfTestApp3.csproj", "{51BD8664-0871-4F07-B2CF-F4B5D65CEBEF}"
EndProject
Global
	GlobalSection(SolutionConfigurationPlatforms) = preSolution
		Debug|Any CPU = Debug|Any CPU
		Release|Any CPU = Release|Any CPU
	EndGlobalSection
	GlobalSection(ProjectConfigurationPlatforms) = postSolution
		{51BD8664-0871-4F07-B2CF-F4B5D65CEBEF}.Debug|Any CPU.ActiveCfg = Debug|Any CPU
		{51BD8664-0871-4F07-B2CF-F4B5D65CEBEF}.Debug|Any CPU.Build.0 = Debug|Any CPU
		{51BD8664-0871-4F07-B2CF-F4B5D65CEBEF}.Release|Any CPU.ActiveCfg = Release|Any CPU
		{51BD8664-0871-4F07-B2CF-F4B5D65CEBEF}.Release|Any CPU.Build.0 = Release|Any CPU
	EndGlobalSection
	GlobalSection(SolutionProperties) = preSolution
		HideSolutionNode = FALSE
	EndGlobalSection
	GlobalSection(ExtensibilityGlobals) = postSolution
		SolutionGuid = {13920764-4E5C-43C0-8727-7F50875CD309}
	EndGlobalSection
EndGlobal
